# This file is automatically @generated by Cargo.
# It is not intended for manual editing.
version = 4

[[package]]
name = "daecore"
version = "1.0.0"

[[package]]
name = "daegun"
version = "1.0.0"
dependencies = [
 "daecore",
 "daerizer",
]

[[package]]
name = "daegun-oracle-harness"
version = "0.0.0"
dependencies = [
 "daegun",
]

[[package]]
name = "daerizer"
version = "1.0.0"
dependencies = [
 "daecore",
]
